
Microsoft Visual Studio Solution File, Format Version 12.00
# Visual Studio 14
VisualStudioVersion = 14.0.25420.1
MinimumVisualStudioVersion = 10.0.40219.1
Project("{FAE04EC0-301F-11D3-BF4B-00C04F79EFBC}") = "ClcWorld.WebApi", "ClcWorld.WebApi\ClcWorld.WebApi.csproj", "{A7134FC9-4CD4-4E05-B3AF-682BCF34F3CC}"
EndProject
Project("{FAE04EC0-301F-11D3-BF4B-00C04F79EFBC}") = "ClcWorld.Tests", "ClcWorld.Tests\ClcWorld.Tests.csproj", "{A629A10C-1E80-4B82-8B23-A906FB540517}"
EndProject
Project("{FAE04EC0-301F-11D3-BF4B-00C04F79EFBC}") = "ClcWorld.Service", "ClcWorld.Service\ClcWorld.Service.csproj", "{F064B83B-921E-403F-A500-B1C6933427CF}"
EndProject
Project("{FAE04EC0-301F-11D3-BF4B-00C04F79EFBC}") = "ClcWorld.Entities", "ClcWorld.Entities\ClcWorld.Entities.csproj", "{6584AF02-5842-4E61-8132-A5B312059DBF}"
EndProject
Project("{FAE04EC0-301F-11D3-BF4B-00C04F79EFBC}") = "ClcWorld.Dtos", "ClcWorld.Dtos\ClcWorld.Dtos.csproj", "{4A8C2723-3C32-4285-8695-E43ED06172ED}"
EndProject
Project("{FAE04EC0-301F-11D3-BF4B-00C04F79EFBC}") = "ClcWorld.WebClient", "ClcWorld.WebClient\ClcWorld.WebClient.csproj", "{B9409D90-389E-4A3D-8166-3F69730F2E90}"
EndProject
Global
	GlobalSection(SolutionConfigurationPlatforms) = preSolution
		Debug|Any CPU = Debug|Any CPU
		Release|Any CPU = Release|Any CPU
	EndGlobalSection
	GlobalSection(ProjectConfigurationPlatforms) = postSolution
		{A7134FC9-4CD4-4E05-B3AF-682BCF34F3CC}.Debug|Any CPU.ActiveCfg = Debug|Any CPU
		{A7134FC9-4CD4-4E05-B3AF-682BCF34F3CC}.Debug|Any CPU.Build.0 = Debug|Any CPU
		{A7134FC9-4CD4-4E05-B3AF-682BCF34F3CC}.Release|Any CPU.ActiveCfg = Release|Any CPU
		{A7134FC9-4CD4-4E05-B3AF-682BCF34F3CC}.Release|Any CPU.Build.0 = Release|Any CPU
		{A629A10C-1E80-4B82-8B23-A906FB540517}.Debug|Any CPU.ActiveCfg = Debug|Any CPU
		{A629A10C-1E80-4B82-8B23-A906FB540517}.Debug|Any CPU.Build.0 = Debug|Any CPU
		{A629A10C-1E80-4B82-8B23-A906FB540517}.Release|Any CPU.ActiveCfg = Release|Any CPU
		{A629A10C-1E80-4B82-8B23-A906FB540517}.Release|Any CPU.Build.0 = Release|Any CPU
		{F064B83B-921E-403F-A500-B1C6933427CF}.Debug|Any CPU.ActiveCfg = Debug|Any CPU
		{F064B83B-921E-403F-A500-B1C6933427CF}.Debug|Any CPU.Build.0 = Debug|Any CPU
		{F064B83B-921E-403F-A500-B1C6933427CF}.Release|Any CPU.ActiveCfg = Release|Any CPU
		{F064B83B-921E-403F-A500-B1C6933427CF}.Release|Any CPU.Build.0 = Release|Any CPU
		{6584AF02-5842-4E61-8132-A5B312059DBF}.Debug|Any CPU.ActiveCfg = Debug|Any CPU
		{6584AF02-5842-4E61-8132-A5B312059DBF}.Debug|Any CPU.Build.0 = Debug|Any CPU
		{6584AF02-5842-4E61-8132-A5B312059DBF}.Release|Any CPU.ActiveCfg = Release|Any CPU
		{6584AF02-5842-4E61-8132-A5B312059DBF}.Release|Any CPU.Build.0 = Release|Any CPU
		{4A8C2723-3C32-4285-8695-E43ED06172ED}.Debug|Any CPU.ActiveCfg = Debug|Any CPU
		{4A8C2723-3C32-4285-8695-E43ED06172ED}.Debug|Any CPU.Build.0 = Debug|Any CPU
		{4A8C2723-3C32-4285-8695-E43ED06172ED}.Release|Any CPU.ActiveCfg = Release|Any CPU
		{4A8C2723-3C32-4285-8695-E43ED06172ED}.Release|Any CPU.Build.0 = Release|Any CPU
		{B9409D90-389E-4A3D-8166-3F69730F2E90}.Debug|Any CPU.ActiveCfg = Debug|Any CPU
		{B9409D90-389E-4A3D-8166-3F69730F2E90}.Debug|Any CPU.Build.0 = Debug|Any CPU
		{B9409D90-389E-4A3D-8166-3F69730F2E90}.Release|Any CPU.ActiveCfg = Release|Any CPU
		{B9409D90-389E-4A3D-8166-3F69730F2E90}.Release|Any CPU.Build.0 = Release|Any CPU
	EndGlobalSection
	GlobalSection(SolutionProperties) = preSolution
		HideSolutionNode = FALSE
	EndGlobalSection
EndGlobal
